// !$*UTF8*$!
{
	archiveVersion = 1;
	classes = {
	};
	objectVersion = 46;
	objects = {

/* Begin PBXBuildFile section */
		441449121C926CA90006BB68 /* AppDelegate.swift in Sources */ = {isa = PBXBuildFile; fileRef = 441449111C926CA90006BB68 /* AppDelegate.swift */; };
		441449151C926D620006BB68 /* RootCoordinator.swift in Sources */ = {isa = PBXBuildFile; fileRef = 441449141C926D620006BB68 /* RootCoordinator.swift */; };
		441449171C9271BF0006BB68 /* SketchViewController.swift in Sources */ = {isa = PBXBuildFile; fileRef = 441449161C9271BF0006BB68 /* SketchViewController.swift */; };
		4414491A1C92736E0006BB68 /* SketchPresenter.swift in Sources */ = {isa = PBXBuildFile; fileRef = 441449191C92736E0006BB68 /* SketchPresenter.swift */; };
		4414491D1C9275AB0006BB68 /* SketchInteractor.swift in Sources */ = {isa = PBXBuildFile; fileRef = 4414491C1C9275AB0006BB68 /* SketchInteractor.swift */; };
		4415B15A1D8826C700FAE55A /* Fabric.framework in Frameworks */ = {isa = PBXBuildFile; fileRef = 4415B1581D8826C700FAE55A /* Fabric.framework */; };
		4415B15B1D8826C700FAE55A /* Crashlytics.framework in Frameworks */ = {isa = PBXBuildFile; fileRef = 4415B1591D8826C700FAE55A /* Crashlytics.framework */; };
		44184A681C98F545008EA66A /* ImagePickerInteractor.swift in Sources */ = {isa = PBXBuildFile; fileRef = 44184A671C98F545008EA66A /* ImagePickerInteractor.swift */; };
		44184A701C9DE70B008EA66A /* SketchViewInterface.swift in Sources */ = {isa = PBXBuildFile; fileRef = 44184A6F1C9DE70B008EA66A /* SketchViewInterface.swift */; };
		445BB56B1DF35C24003FFD5D /* EmptyView.xib in Resources */ = {isa = PBXBuildFile; fileRef = 445BB56A1DF35C24003FFD5D /* EmptyView.xib */; };
		445BB56D1DF35EB2003FFD5D /* EmptyViewController.swift in Sources */ = {isa = PBXBuildFile; fileRef = 445BB56C1DF35EB2003FFD5D /* EmptyViewController.swift */; };
		445BB56F1DF361B1003FFD5D /* EmptyViewCoordinator.swift in Sources */ = {isa = PBXBuildFile; fileRef = 445BB56E1DF361B1003FFD5D /* EmptyViewCoordinator.swift */; };
		445BB5711DF36398003FFD5D /* EmptyViewInteractor.swift in Sources */ = {isa = PBXBuildFile; fileRef = 445BB5701DF36398003FFD5D /* EmptyViewInteractor.swift */; };
		4461890F1E0DA67900193D4A /* LineOverlayFilter.swift in Sources */ = {isa = PBXBuildFile; fileRef = 4461890E1E0DA67900193D4A /* LineOverlayFilter.swift */; };
		446189111E10506400193D4A /* FilterImageComposer.swift in Sources */ = {isa = PBXBuildFile; fileRef = 446189101E10506400193D4A /* FilterImageComposer.swift */; };
		447100BF1DDAB4A200561421 /* ImagePickerCoordinator.swift in Sources */ = {isa = PBXBuildFile; fileRef = 447100BE1DDAB4A200561421 /* ImagePickerCoordinator.swift */; };
		447100C11DDAB4E200561421 /* SketchCoordinator.swift in Sources */ = {isa = PBXBuildFile; fileRef = 447100C01DDAB4E200561421 /* SketchCoordinator.swift */; };
		4482A3A51C8CE16900C100F6 /* Assets.xcassets in Resources */ = {isa = PBXBuildFile; fileRef = 4482A3A41C8CE16900C100F6 /* Assets.xcassets */; };
		4482A3A81C8CE16900C100F6 /* LaunchScreen.storyboard in Resources */ = {isa = PBXBuildFile; fileRef = 4482A3A61C8CE16900C100F6 /* LaunchScreen.storyboard */; };
		4482A3B31C8CE16900C100F6 /* SketchTests.swift in Sources */ = {isa = PBXBuildFile; fileRef = 4482A3B21C8CE16900C100F6 /* SketchTests.swift */; };
		4482A3BE1C8CE16900C100F6 /* SketchUITests.swift in Sources */ = {isa = PBXBuildFile; fileRef = 4482A3BD1C8CE16900C100F6 /* SketchUITests.swift */; };
		449D55E31DD01E4400E0707E /* Sketch.swift in Sources */ = {isa = PBXBuildFile; fileRef = 449D55E21DD01E4400E0707E /* Sketch.swift */; };
		44EF1E3A1DD905F000E22540 /* SketchView.xib in Resources */ = {isa = PBXBuildFile; fileRef = 44EF1E391DD905F000E22540 /* SketchView.xib */; };
/* End PBXBuildFile section */

/* Begin PBXContainerItemProxy section */
		4482A3AF1C8CE16900C100F6 /* PBXContainerItemProxy */ = {
			isa = PBXContainerItemProxy;
			containerPortal = 4482A3901C8CE16900C100F6 /* Project object */;
			proxyType = 1;
			remoteGlobalIDString = 4482A3971C8CE16900C100F6;
			remoteInfo = Sketch;
		};
		4482A3BA1C8CE16900C100F6 /* PBXContainerItemProxy */ = {
			isa = PBXContainerItemProxy;
			containerPortal = 4482A3901C8CE16900C100F6 /* Project object */;
			proxyType = 1;
			remoteGlobalIDString = 4482A3971C8CE16900C100F6;
			remoteInfo = Sketch;
		};
/* End PBXContainerItemProxy section */

/* Begin PBXCopyFilesBuildPhase section */
		44184A6D1C9A4598008EA66A /* Embed Frameworks */ = {
			isa = PBXCopyFilesBuildPhase;
			buildActionMask = 2147483647;
			dstPath = "";
			dstSubfolderSpec = 10;
			files = (
			);
			name = "Embed Frameworks";
			runOnlyForDeploymentPostprocessing = 0;
		};
/* End PBXCopyFilesBuildPhase section */

/* Begin PBXFileReference section */
		441449111C926CA90006BB68 /* AppDelegate.swift */ = {isa = PBXFileReference; fileEncoding = 4; lastKnownFileType = sourcecode.swift; name = AppDelegate.swift; path = Classes/AppDelegate.swift; sourceTree = "<group>"; };
		441449141C926D620006BB68 /* RootCoordinator.swift */ = {isa = PBXFileReference; fileEncoding = 4; lastKnownFileType = sourcecode.swift; name = RootCoordinator.swift; path = Classes/Common/Views/RootCoordinator.swift; sourceTree = "<group>"; };
		441449161C9271BF0006BB68 /* SketchViewController.swift */ = {isa = PBXFileReference; fileEncoding = 4; lastKnownFileType = sourcecode.swift; name = SketchViewController.swift; path = Classes/Modules/Sketch/SketchViewController.swift; sourceTree = "<group>"; };
		441449191C92736E0006BB68 /* SketchPresenter.swift */ = {isa = PBXFileReference; fileEncoding = 4; lastKnownFileType = sourcecode.swift; name = SketchPresenter.swift; path = Classes/Modules/Sketch/SketchPresenter.swift; sourceTree = "<group>"; };
		4414491C1C9275AB0006BB68 /* SketchInteractor.swift */ = {isa = PBXFileReference; fileEncoding = 4; lastKnownFileType = sourcecode.swift; name = SketchInteractor.swift; path = Classes/Modules/Sketch/SketchInteractor.swift; sourceTree = "<group>"; };
		4415B1581D8826C700FAE55A /* Fabric.framework */ = {isa = PBXFileReference; lastKnownFileType = wrapper.framework; path = Fabric.framework; sourceTree = SOURCE_ROOT; };
		4415B1591D8826C700FAE55A /* Crashlytics.framework */ = {isa = PBXFileReference; lastKnownFileType = wrapper.framework; path = Crashlytics.framework; sourceTree = SOURCE_ROOT; };
		44184A671C98F545008EA66A /* ImagePickerInteractor.swift */ = {isa = PBXFileReference; fileEncoding = 4; lastKnownFileType = sourcecode.swift; name = ImagePickerInteractor.swift; path = Classes/Modules/Select/ImagePickerInteractor.swift; sourceTree = "<group>"; };
		44184A6F1C9DE70B008EA66A /* SketchViewInterface.swift */ = {isa = PBXFileReference; fileEncoding = 4; lastKnownFileType = sourcecode.swift; name = SketchViewInterface.swift; path = Classes/Modules/Sketch/SketchViewInterface.swift; sourceTree = "<group>"; };
		445BB56A1DF35C24003FFD5D /* EmptyView.xib */ = {isa = PBXFileReference; fileEncoding = 4; lastKnownFileType = file.xib; name = EmptyView.xib; path = Classes/Modules/Empty/EmptyView.xib; sourceTree = "<group>"; };
		445BB56C1DF35EB2003FFD5D /* EmptyViewController.swift */ = {isa = PBXFileReference; fileEncoding = 4; lastKnownFileType = sourcecode.swift; name = EmptyViewController.swift; path = Classes/Modules/Empty/EmptyViewController.swift; sourceTree = "<group>"; };
		445BB56E1DF361B1003FFD5D /* EmptyViewCoordinator.swift */ = {isa = PBXFileReference; fileEncoding = 4; lastKnownFileType = sourcecode.swift; name = EmptyViewCoordinator.swift; path = Classes/Modules/Empty/EmptyViewCoordinator.swift; sourceTree = "<group>"; };
		445BB5701DF36398003FFD5D /* EmptyViewInteractor.swift */ = {isa = PBXFileReference; fileEncoding = 4; lastKnownFileType = sourcecode.swift; name = EmptyViewInteractor.swift; path = Classes/Modules/Empty/EmptyViewInteractor.swift; sourceTree = "<group>"; };
		4461890E1E0DA67900193D4A /* LineOverlayFilter.swift */ = {isa = PBXFileReference; fileEncoding = 4; lastKnownFileType = sourcecode.swift; name = LineOverlayFilter.swift; path = Classes/Common/Models/LineOverlayFilter.swift; sourceTree = "<group>"; };
		446189101E10506400193D4A /* FilterImageComposer.swift */ = {isa = PBXFileReference; fileEncoding = 4; lastKnownFileType = sourcecode.swift; path = FilterImageComposer.swift; sourceTree = "<group>"; };
		447100BE1DDAB4A200561421 /* ImagePickerCoordinator.swift */ = {isa = PBXFileReference; fileEncoding = 4; lastKnownFileType = sourcecode.swift; name = ImagePickerCoordinator.swift; path = Classes/Modules/Select/ImagePickerCoordinator.swift; sourceTree = "<group>"; };
		447100C01DDAB4E200561421 /* SketchCoordinator.swift */ = {isa = PBXFileReference; fileEncoding = 4; lastKnownFileType = sourcecode.swift; name = SketchCoordinator.swift; path = Classes/Modules/Sketch/SketchCoordinator.swift; sourceTree = "<group>"; };
		4482A3981C8CE16900C100F6 /* Sketch.app */ = {isa = PBXFileReference; explicitFileType = wrapper.application; includeInIndex = 0; path = Sketch.app; sourceTree = BUILT_PRODUCTS_DIR; };
		4482A3A41C8CE16900C100F6 /* Assets.xcassets */ = {isa = PBXFileReference; lastKnownFileType = folder.assetcatalog; path = Assets.xcassets; sourceTree = "<group>"; };
		4482A3A71C8CE16900C100F6 /* Base */ = {isa = PBXFileReference; lastKnownFileType = file.storyboard; name = Base; path = Base.lproj/LaunchScreen.storyboard; sourceTree = "<group>"; };
		4482A3A91C8CE16900C100F6 /* Info.plist */ = {isa = PBXFileReference; lastKnownFileType = text.plist.xml; path = Info.plist; sourceTree = "<group>"; };
		4482A3AE1C8CE16900C100F6 /* SketchTests.xctest */ = {isa = PBXFileReference; explicitFileType = wrapper.cfbundle; includeInIndex = 0; path = SketchTests.xctest; sourceTree = BUILT_PRODUCTS_DIR; };
		4482A3B21C8CE16900C100F6 /* SketchTests.swift */ = {isa = PBXFileReference; lastKnownFileType = sourcecode.swift; path = SketchTests.swift; sourceTree = "<group>"; };
		4482A3B41C8CE16900C100F6 /* Info.plist */ = {isa = PBXFileReference; lastKnownFileType = text.plist.xml; path = Info.plist; sourceTree = "<group>"; };
		4482A3B91C8CE16900C100F6 /* SketchUITests.xctest */ = {isa = PBXFileReference; explicitFileType = wrapper.cfbundle; includeInIndex = 0; path = SketchUITests.xctest; sourceTree = BUILT_PRODUCTS_DIR; };
		4482A3BD1C8CE16900C100F6 /* SketchUITests.swift */ = {isa = PBXFileReference; lastKnownFileType = sourcecode.swift; path = SketchUITests.swift; sourceTree = "<group>"; };
		4482A3BF1C8CE16900C100F6 /* Info.plist */ = {isa = PBXFileReference; lastKnownFileType = text.plist.xml; path = Info.plist; sourceTree = "<group>"; };
		449D55E21DD01E4400E0707E /* Sketch.swift */ = {isa = PBXFileReference; fileEncoding = 4; lastKnownFileType = sourcecode.swift; name = Sketch.swift; path = Classes/Common/Models/Sketch.swift; sourceTree = "<group>"; };
		44EF1E391DD905F000E22540 /* SketchView.xib */ = {isa = PBXFileReference; fileEncoding = 4; lastKnownFileType = file.xib; name = SketchView.xib; path = Classes/Modules/Sketch/SketchView.xib; sourceTree = "<group>"; };
/* End PBXFileReference section */

/* Begin PBXFrameworksBuildPhase section */
		4482A3951C8CE16900C100F6 /* Frameworks */ = {
			isa = PBXFrameworksBuildPhase;
			buildActionMask = 2147483647;
			files = (
				4415B15B1D8826C700FAE55A /* Crashlytics.framework in Frameworks */,
				4415B15A1D8826C700FAE55A /* Fabric.framework in Frameworks */,
			);
			runOnlyForDeploymentPostprocessing = 0;
		};
		4482A3AB1C8CE16900C100F6 /* Frameworks */ = {
			isa = PBXFrameworksBuildPhase;
			buildActionMask = 2147483647;
			files = (
			);
			runOnlyForDeploymentPostprocessing = 0;
		};
		4482A3B61C8CE16900C100F6 /* Frameworks */ = {
			isa = PBXFrameworksBuildPhase;
			buildActionMask = 2147483647;
			files = (
			);
			runOnlyForDeploymentPostprocessing = 0;
		};
/* End PBXFrameworksBuildPhase section */

/* Begin PBXGroup section */
		4414490C1C9267AD0006BB68 /* Classes */ = {
			isa = PBXGroup;
			children = (
				441449111C926CA90006BB68 /* AppDelegate.swift */,
				441449101C926BD70006BB68 /* Common */,
				4414490D1C926B5B0006BB68 /* Modules */,
			);
			name = Classes;
			sourceTree = "<group>";
		};
		4414490D1C926B5B0006BB68 /* Modules */ = {
			isa = PBXGroup;
			children = (
				445BB5691DF35B16003FFD5D /* Empty */,
				44184A571C97B51F008EA66A /* Select */,
				4414490E1C926B660006BB68 /* Sketch */,
			);
			name = Modules;
			sourceTree = "<group>";
		};
		4414490E1C926B660006BB68 /* Sketch */ = {
			isa = PBXGroup;
			children = (
				444114111DEBA9790012A90D /* Toolbar */,
				447100C01DDAB4E200561421 /* SketchCoordinator.swift */,
				4414491C1C9275AB0006BB68 /* SketchInteractor.swift */,
				441449191C92736E0006BB68 /* SketchPresenter.swift */,
				44EF1E391DD905F000E22540 /* SketchView.xib */,
				441449161C9271BF0006BB68 /* SketchViewController.swift */,
				44184A6F1C9DE70B008EA66A /* SketchViewInterface.swift */,
			);
			name = Sketch;
			sourceTree = "<group>";
		};
		441449101C926BD70006BB68 /* Common */ = {
			isa = PBXGroup;
			children = (
				449D55E11DD01E1C00E0707E /* Models */,
				441449131C926D360006BB68 /* View */,
				446189101E10506400193D4A /* FilterImageComposer.swift */,
			);
			name = Common;
			sourceTree = "<group>";
		};
		441449131C926D360006BB68 /* View */ = {
			isa = PBXGroup;
			children = (
				441449141C926D620006BB68 /* RootCoordinator.swift */,
			);
			name = View;
			sourceTree = "<group>";
		};
		44184A571C97B51F008EA66A /* Select */ = {
			isa = PBXGroup;
			children = (
				44184A671C98F545008EA66A /* ImagePickerInteractor.swift */,
				447100BE1DDAB4A200561421 /* ImagePickerCoordinator.swift */,
			);
			name = Select;
			sourceTree = "<group>";
		};
		44184A6E1C9A45A8008EA66A /* Frameworks */ = {
			isa = PBXGroup;
			children = (
				4415B1591D8826C700FAE55A /* Crashlytics.framework */,
				4415B1581D8826C700FAE55A /* Fabric.framework */,
			);
			name = Frameworks;
			sourceTree = "<group>";
		};
		444114111DEBA9790012A90D /* Toolbar */ = {
			isa = PBXGroup;
			children = (
			);
			name = Toolbar;
			sourceTree = "<group>";
		};
		445BB5691DF35B16003FFD5D /* Empty */ = {
			isa = PBXGroup;
			children = (
				445BB56A1DF35C24003FFD5D /* EmptyView.xib */,
				445BB56C1DF35EB2003FFD5D /* EmptyViewController.swift */,
				445BB56E1DF361B1003FFD5D /* EmptyViewCoordinator.swift */,
				445BB5701DF36398003FFD5D /* EmptyViewInteractor.swift */,
			);
			name = Empty;
			sourceTree = "<group>";
		};
		4482A38F1C8CE16900C100F6 = {
			isa = PBXGroup;
			children = (
				4482A39A1C8CE16900C100F6 /* Sketch */,
				4482A3B11C8CE16900C100F6 /* SketchTests */,
				4482A3BC1C8CE16900C100F6 /* SketchUITests */,
				4482A3991C8CE16900C100F6 /* Products */,
			);
			sourceTree = "<group>";
		};
		4482A3991C8CE16900C100F6 /* Products */ = {
			isa = PBXGroup;
			children = (
				4482A3981C8CE16900C100F6 /* Sketch.app */,
				4482A3AE1C8CE16900C100F6 /* SketchTests.xctest */,
				4482A3B91C8CE16900C100F6 /* SketchUITests.xctest */,
			);
			name = Products;
			sourceTree = "<group>";
		};
		4482A39A1C8CE16900C100F6 /* Sketch */ = {
			isa = PBXGroup;
			children = (
				4482A3A41C8CE16900C100F6 /* Assets.xcassets */,
				4414490C1C9267AD0006BB68 /* Classes */,
				44184A6E1C9A45A8008EA66A /* Frameworks */,
				4482A3A91C8CE16900C100F6 /* Info.plist */,
				4482A3A61C8CE16900C100F6 /* LaunchScreen.storyboard */,
			);
			path = Sketch;
			sourceTree = "<group>";
		};
		4482A3B11C8CE16900C100F6 /* SketchTests */ = {
			isa = PBXGroup;
			children = (
				4482A3B21C8CE16900C100F6 /* SketchTests.swift */,
				4482A3B41C8CE16900C100F6 /* Info.plist */,
			);
			path = SketchTests;
			sourceTree = "<group>";
		};
		4482A3BC1C8CE16900C100F6 /* SketchUITests */ = {
			isa = PBXGroup;
			children = (
				4482A3BD1C8CE16900C100F6 /* SketchUITests.swift */,
				4482A3BF1C8CE16900C100F6 /* Info.plist */,
			);
			path = SketchUITests;
			sourceTree = "<group>";
		};
		449D55E11DD01E1C00E0707E /* Models */ = {
			isa = PBXGroup;
			children = (
				449D55E21DD01E4400E0707E /* Sketch.swift */,
				4461890E1E0DA67900193D4A /* LineOverlayFilter.swift */,
			);
			name = Models;
			sourceTree = "<group>";
		};
/* End PBXGroup section */

/* Begin PBXNativeTarget section */
		4482A3971C8CE16900C100F6 /* Sketch */ = {
			isa = PBXNativeTarget;
			buildConfigurationList = 4482A3C21C8CE16900C100F6 /* Build configuration list for PBXNativeTarget "Sketch" */;
			buildPhases = (
				4482A3941C8CE16900C100F6 /* Sources */,
				4482A3951C8CE16900C100F6 /* Frameworks */,
				4482A3961C8CE16900C100F6 /* Resources */,
				44184A691C98FF47008EA66A /* ShellScript */,
				44184A6D1C9A4598008EA66A /* Embed Frameworks */,
				4415B1571D88268200FAE55A /* ⚙ Fabric */,
			);
			buildRules = (
			);
			dependencies = (
			);
			name = Sketch;
			productName = Sketch;
			productReference = 4482A3981C8CE16900C100F6 /* Sketch.app */;
			productType = "com.apple.product-type.application";
		};
		4482A3AD1C8CE16900C100F6 /* SketchTests */ = {
			isa = PBXNativeTarget;
			buildConfigurationList = 4482A3C51C8CE16900C100F6 /* Build configuration list for PBXNativeTarget "SketchTests" */;
			buildPhases = (
				4482A3AA1C8CE16900C100F6 /* Sources */,
				4482A3AB1C8CE16900C100F6 /* Frameworks */,
				4482A3AC1C8CE16900C100F6 /* Resources */,
			);
			buildRules = (
			);
			dependencies = (
				4482A3B01C8CE16900C100F6 /* PBXTargetDependency */,
			);
			name = SketchTests;
			productName = SketchTests;
			productReference = 4482A3AE1C8CE16900C100F6 /* SketchTests.xctest */;
			productType = "com.apple.product-type.bundle.unit-test";
		};
		4482A3B81C8CE16900C100F6 /* SketchUITests */ = {
			isa = PBXNativeTarget;
			buildConfigurationList = 4482A3C81C8CE16900C100F6 /* Build configuration list for PBXNativeTarget "SketchUITests" */;
			buildPhases = (
				4482A3B51C8CE16900C100F6 /* Sources */,
				4482A3B61C8CE16900C100F6 /* Frameworks */,
				4482A3B71C8CE16900C100F6 /* Resources */,
			);
			buildRules = (
			);
			dependencies = (
				4482A3BB1C8CE16900C100F6 /* PBXTargetDependency */,
			);
			name = SketchUITests;
			productName = SketchUITests;
			productReference = 4482A3B91C8CE16900C100F6 /* SketchUITests.xctest */;
			productType = "com.apple.product-type.bundle.ui-testing";
		};
/* End PBXNativeTarget section */

/* Begin PBXProject section */
		4482A3901C8CE16900C100F6 /* Project object */ = {
			isa = PBXProject;
			attributes = {
				LastSwiftUpdateCheck = 0720;
				LastUpgradeCheck = 0810;
				ORGANIZATIONNAME = BigPanza;
				TargetAttributes = {
					4482A3971C8CE16900C100F6 = {
						CreatedOnToolsVersion = 7.2.1;
						DevelopmentTeam = 2RV2B5V4NS;
						LastSwiftMigration = 0920;
						ProvisioningStyle = Automatic;
					};
					4482A3AD1C8CE16900C100F6 = {
						CreatedOnToolsVersion = 7.2.1;
						LastSwiftMigration = 0920;
						TestTargetID = 4482A3971C8CE16900C100F6;
					};
					4482A3B81C8CE16900C100F6 = {
						CreatedOnToolsVersion = 7.2.1;
						LastSwiftMigration = 0920;
						TestTargetID = 4482A3971C8CE16900C100F6;
					};
				};
			};
			buildConfigurationList = 4482A3931C8CE16900C100F6 /* Build configuration list for PBXProject "Sketch" */;
			compatibilityVersion = "Xcode 3.2";
			developmentRegion = English;
			hasScannedForEncodings = 0;
			knownRegions = (
				en,
				Base,
			);
			mainGroup = 4482A38F1C8CE16900C100F6;
			productRefGroup = 4482A3991C8CE16900C100F6 /* Products */;
			projectDirPath = "";
			projectRoot = "";
			targets = (
				4482A3971C8CE16900C100F6 /* Sketch */,
				4482A3AD1C8CE16900C100F6 /* SketchTests */,
				4482A3B81C8CE16900C100F6 /* SketchUITests */,
			);
		};
/* End PBXProject section */

/* Begin PBXResourcesBuildPhase section */
		4482A3961C8CE16900C100F6 /* Resources */ = {
			isa = PBXResourcesBuildPhase;
			buildActionMask = 2147483647;
			files = (
				445BB56B1DF35C24003FFD5D /* EmptyView.xib in Resources */,
				44EF1E3A1DD905F000E22540 /* SketchView.xib in Resources */,
				4482A3A81C8CE16900C100F6 /* LaunchScreen.storyboard in Resources */,
				4482A3A51C8CE16900C100F6 /* Assets.xcassets in Resources */,
			);
			runOnlyForDeploymentPostprocessing = 0;
		};
		4482A3AC1C8CE16900C100F6 /* Resources */ = {
			isa = PBXResourcesBuildPhase;
			buildActionMask = 2147483647;
			files = (
			);
			runOnlyForDeploymentPostprocessing = 0;
		};
		4482A3B71C8CE16900C100F6 /* Resources */ = {
			isa = PBXResourcesBuildPhase;
			buildActionMask = 2147483647;
			files = (
			);
			runOnlyForDeploymentPostprocessing = 0;
		};
/* End PBXResourcesBuildPhase section */

/* Begin PBXShellScriptBuildPhase section */
		4415B1571D88268200FAE55A /* ⚙ Fabric */ = {
			isa = PBXShellScriptBuildPhase;
			buildActionMask = 2147483647;
			files = (
			);
			inputPaths = (
			);
			name = "⚙ Fabric";
			outputPaths = (
			);
			runOnlyForDeploymentPostprocessing = 0;
			shellPath = /bin/sh;
			shellScript = "./Fabric.framework/run 2637e476bd1bee13d0a7a8d76d0dac661af18a6e 67e10daec6ce4b93559f1f9369c4fbd73e763ce6587870fcc9b4d30b45b30951";
		};
		44184A691C98FF47008EA66A /* ShellScript */ = {
			isa = PBXShellScriptBuildPhase;
			buildActionMask = 2147483647;
			files = (
			);
			inputPaths = (
			);
			outputPaths = (
			);
			runOnlyForDeploymentPostprocessing = 0;
			shellPath = /bin/sh;
			shellScript = "/usr/local/bin/carthage copy-frameworks";
		};
/* End PBXShellScriptBuildPhase section */

/* Begin PBXSourcesBuildPhase section */
		4482A3941C8CE16900C100F6 /* Sources */ = {
			isa = PBXSourcesBuildPhase;
			buildActionMask = 2147483647;
			files = (
				4414491D1C9275AB0006BB68 /* SketchInteractor.swift in Sources */,
				44184A701C9DE70B008EA66A /* SketchViewInterface.swift in Sources */,
				447100BF1DDAB4A200561421 /* ImagePickerCoordinator.swift in Sources */,
				446189111E10506400193D4A /* FilterImageComposer.swift in Sources */,
				441449151C926D620006BB68 /* RootCoordinator.swift in Sources */,
				4461890F1E0DA67900193D4A /* LineOverlayFilter.swift in Sources */,
				447100C11DDAB4E200561421 /* SketchCoordinator.swift in Sources */,
				441449171C9271BF0006BB68 /* SketchViewController.swift in Sources */,
				4414491A1C92736E0006BB68 /* SketchPresenter.swift in Sources */,
				44184A681C98F545008EA66A /* ImagePickerInteractor.swift in Sources */,
				449D55E31DD01E4400E0707E /* Sketch.swift in Sources */,
				445BB5711DF36398003FFD5D /* EmptyViewInteractor.swift in Sources */,
				441449121C926CA90006BB68 /* AppDelegate.swift in Sources */,
				445BB56D1DF35EB2003FFD5D /* EmptyViewController.swift in Sources */,
				445BB56F1DF361B1003FFD5D /* EmptyViewCoordinator.swift in Sources */,
			);
			runOnlyForDeploymentPostprocessing = 0;
		};
		4482A3AA1C8CE16900C100F6 /* Sources */ = {
			isa = PBXSourcesBuildPhase;
			buildActionMask = 2147483647;
			files = (
				4482A3B31C8CE16900C100F6 /* SketchTests.swift in Sources */,
			);
			runOnlyForDeploymentPostprocessing = 0;
		};
		4482A3B51C8CE16900C100F6 /* Sources */ = {
			isa = PBXSourcesBuildPhase;
			buildActionMask = 2147483647;
			files = (
				4482A3BE1C8CE16900C100F6 /* SketchUITests.swift in Sources */,
			);
			runOnlyForDeploymentPostprocessing = 0;
		};
/* End PBXSourcesBuildPhase section */

/* Begin PBXTargetDependency section */
		4482A3B01C8CE16900C100F6 /* PBXTargetDependency */ = {
			isa = PBXTargetDependency;
			target = 4482A3971C8CE16900C100F6 /* Sketch */;
			targetProxy = 4482A3AF1C8CE16900C100F6 /* PBXContainerItemProxy */;
		};
		4482A3BB1C8CE16900C100F6 /* PBXTargetDependency */ = {
			isa = PBXTargetDependency;
			target = 4482A3971C8CE16900C100F6 /* Sketch */;
			targetProxy = 4482A3BA1C8CE16900C100F6 /* PBXContainerItemProxy */;
		};
/* End PBXTargetDependency section */

/* Begin PBXVariantGroup section */
		4482A3A61C8CE16900C100F6 /* LaunchScreen.storyboard */ = {
			isa = PBXVariantGroup;
			children = (
				4482A3A71C8CE16900C100F6 /* Base */,
			);
			name = LaunchScreen.storyboard;
			sourceTree = "<group>";
		};
/* End PBXVariantGroup section */

/* Begin XCBuildConfiguration section */
		4482A3C01C8CE16900C100F6 /* Debug */ = {
			isa = XCBuildConfiguration;
			buildSettings = {
				ALWAYS_SEARCH_USER_PATHS = NO;
				CLANG_CXX_LANGUAGE_STANDARD = "gnu++0x";
				CLANG_CXX_LIBRARY = "libc++";
				CLANG_ENABLE_MODULES = YES;
				CLANG_ENABLE_OBJC_ARC = YES;
				CLANG_WARN_BOOL_CONVERSION = YES;
				CLANG_WARN_CONSTANT_CONVERSION = YES;
				CLANG_WARN_DIRECT_OBJC_ISA_USAGE = YES_ERROR;
				CLANG_WARN_EMPTY_BODY = YES;
				CLANG_WARN_ENUM_CONVERSION = YES;
				CLANG_WARN_INFINITE_RECURSION = YES;
				CLANG_WARN_INT_CONVERSION = YES;
				CLANG_WARN_OBJC_ROOT_CLASS = YES_ERROR;
				CLANG_WARN_SUSPICIOUS_MOVE = YES;
				CLANG_WARN_UNREACHABLE_CODE = YES;
				CLANG_WARN__DUPLICATE_METHOD_MATCH = YES;
				"CODE_SIGN_IDENTITY[sdk=iphoneos*]" = "iPhone Developer";
				COPY_PHASE_STRIP = NO;
				DEBUG_INFORMATION_FORMAT = "dwarf-with-dsym";
				ENABLE_STRICT_OBJC_MSGSEND = YES;
				ENABLE_TESTABILITY = YES;
				GCC_C_LANGUAGE_STANDARD = gnu99;
				GCC_DYNAMIC_NO_PIC = NO;
				GCC_NO_COMMON_BLOCKS = YES;
				GCC_OPTIMIZATION_LEVEL = 0;
				GCC_PREPROCESSOR_DEFINITIONS = (
					"DEBUG=1",
					"$(inherited)",
				);
				GCC_WARN_64_TO_32_BIT_CONVERSION = YES;
				GCC_WARN_ABOUT_RETURN_TYPE = YES_ERROR;
				GCC_WARN_UNDECLARED_SELECTOR = YES;
				GCC_WARN_UNINITIALIZED_AUTOS = YES_AGGRESSIVE;
				GCC_WARN_UNUSED_FUNCTION = YES;
				GCC_WARN_UNUSED_VARIABLE = YES;
				IPHONEOS_DEPLOYMENT_TARGET = 9.2;
				MTL_ENABLE_DEBUG_INFO = YES;
				ONLY_ACTIVE_ARCH = YES;
				SDKROOT = iphoneos;
				SWIFT_OPTIMIZATION_LEVEL = "-Onone";
			};
			name = Debug;
		};
		4482A3C11C8CE16900C100F6 /* Release */ = {
			isa = XCBuildConfiguration;
			buildSettings = {
				ALWAYS_SEARCH_USER_PATHS = NO;
				CLANG_CXX_LANGUAGE_STANDARD = "gnu++0x";
				CLANG_CXX_LIBRARY = "libc++";
				CLANG_ENABLE_MODULES = YES;
				CLANG_ENABLE_OBJC_ARC = YES;
				CLANG_WARN_BOOL_CONVERSION = YES;
				CLANG_WARN_CONSTANT_CONVERSION = YES;
				CLANG_WARN_DIRECT_OBJC_ISA_USAGE = YES_ERROR;
				CLANG_WARN_EMPTY_BODY = YES;
				CLANG_WARN_ENUM_CONVERSION = YES;
				CLANG_WARN_INFINITE_RECURSION = YES;
				CLANG_WARN_INT_CONVERSION = YES;
				CLANG_WARN_OBJC_ROOT_CLASS = YES_ERROR;
				CLANG_WARN_SUSPICIOUS_MOVE = YES;
				CLANG_WARN_UNREACHABLE_CODE = YES;
				CLANG_WARN__DUPLICATE_METHOD_MATCH = YES;
				"CODE_SIGN_IDENTITY[sdk=iphoneos*]" = "iPhone Developer";
				COPY_PHASE_STRIP = NO;
				DEBUG_INFORMATION_FORMAT = "dwarf-with-dsym";
				ENABLE_NS_ASSERTIONS = NO;
				ENABLE_STRICT_OBJC_MSGSEND = YES;
				GCC_C_LANGUAGE_STANDARD = gnu99;
				GCC_NO_COMMON_BLOCKS = YES;
				GCC_WARN_64_TO_32_BIT_CONVERSION = YES;
				GCC_WARN_ABOUT_RETURN_TYPE = YES_ERROR;
				GCC_WARN_UNDECLARED_SELECTOR = YES;
				GCC_WARN_UNINITIALIZED_AUTOS = YES_AGGRESSIVE;
				GCC_WARN_UNUSED_FUNCTION = YES;
				GCC_WARN_UNUSED_VARIABLE = YES;
				IPHONEOS_DEPLOYMENT_TARGET = 9.2;
				MTL_ENABLE_DEBUG_INFO = NO;
				SDKROOT = iphoneos;
				SWIFT_OPTIMIZATION_LEVEL = "-Owholemodule";
				VALIDATE_PRODUCT = YES;
			};
			name = Release;
		};
		4482A3C31C8CE16900C100F6 /* Debug */ = {
			isa = XCBuildConfiguration;
			buildSettings = {
				ASSETCATALOG_COMPILER_APPICON_NAME = AppIcon;
				CLANG_ENABLE_MODULES = YES;
				CODE_SIGN_IDENTITY = "iPhone Developer";
				"CODE_SIGN_IDENTITY[sdk=iphoneos*]" = "iPhone Developer";
				DEBUG_INFORMATION_FORMAT = "dwarf-with-dsym";
				DEVELOPMENT_TEAM = 2RV2B5V4NS;
				FRAMEWORK_SEARCH_PATHS = (
					"$(inherited)",
					"$(PROJECT_DIR)",
				);
				INFOPLIST_FILE = Sketch/Info.plist;
				LD_RUNPATH_SEARCH_PATHS = "$(inherited) @executable_path/Frameworks";
				PRODUCT_BUNDLE_IDENTIFIER = com.bigpanza.sketch;
				PRODUCT_NAME = "$(TARGET_NAME)";
				PROVISIONING_PROFILE = "";
				PROVISIONING_PROFILE_SPECIFIER = "";
				SWIFT_OPTIMIZATION_LEVEL = "-Onone";
				SWIFT_SWIFT3_OBJC_INFERENCE = Default;
				SWIFT_VERSION = 4.0;
			};
			name = Debug;
		};
		4482A3C41C8CE16900C100F6 /* Release */ = {
			isa = XCBuildConfiguration;
			buildSettings = {
				ASSETCATALOG_COMPILER_APPICON_NAME = AppIcon;
				CLANG_ENABLE_MODULES = YES;
				CODE_SIGN_IDENTITY = "iPhone Developer";
				"CODE_SIGN_IDENTITY[sdk=iphoneos*]" = "iPhone Developer";
				DEVELOPMENT_TEAM = 2RV2B5V4NS;
				FRAMEWORK_SEARCH_PATHS = (
					"$(inherited)",
					"$(PROJECT_DIR)",
				);
				INFOPLIST_FILE = Sketch/Info.plist;
				LD_RUNPATH_SEARCH_PATHS = "$(inherited) @executable_path/Frameworks";
				PRODUCT_BUNDLE_IDENTIFIER = com.bigpanza.sketch;
				PRODUCT_NAME = "$(TARGET_NAME)";
				PROVISIONING_PROFILE = "";
				PROVISIONING_PROFILE_SPECIFIER = "";
				SWIFT_SWIFT3_OBJC_INFERENCE = Default;
				SWIFT_VERSION = 4.0;
			};
			name = Release;
		};
		4482A3C61C8CE16900C100F6 /* Debug */ = {
			isa = XCBuildConfiguration;
			buildSettings = {
				BUNDLE_LOADER = "$(TEST_HOST)";
				DEBUG_INFORMATION_FORMAT = "dwarf-with-dsym";
				INFOPLIST_FILE = SketchTests/Info.plist;
				LD_RUNPATH_SEARCH_PATHS = "$(inherited) @executable_path/Frameworks @loader_path/Frameworks";
				PRODUCT_BUNDLE_IDENTIFIER = com.bigpanza.SketchTests;
				PRODUCT_NAME = "$(TARGET_NAME)";
				SWIFT_SWIFT3_OBJC_INFERENCE = Default;
				SWIFT_VERSION = 4.0;
				TEST_HOST = "$(BUILT_PRODUCTS_DIR)/Sketch.app/Sketch";
			};
			name = Debug;
		};
		4482A3C71C8CE16900C100F6 /* Release */ = {
			isa = XCBuildConfiguration;
			buildSettings = {
				BUNDLE_LOADER = "$(TEST_HOST)";
				INFOPLIST_FILE = SketchTests/Info.plist;
				LD_RUNPATH_SEARCH_PATHS = "$(inherited) @executable_path/Frameworks @loader_path/Frameworks";
				PRODUCT_BUNDLE_IDENTIFIER = com.bigpanza.SketchTests;
				PRODUCT_NAME = "$(TARGET_NAME)";
				SWIFT_SWIFT3_OBJC_INFERENCE = Default;
				SWIFT_VERSION = 4.0;
				TEST_HOST = "$(BUILT_PRODUCTS_DIR)/Sketch.app/Sketch";
			};
			name = Release;
		};
		4482A3C91C8CE16900C100F6 /* Debug */ = {
			isa = XCBuildConfiguration;
			buildSettings = {
				DEBUG_INFORMATION_FORMAT = "dwarf-with-dsym";
				INFOPLIST_FILE = SketchUITests/Info.plist;
				LD_RUNPATH_SEARCH_PATHS = "$(inherited) @executable_path/Frameworks @loader_path/Frameworks";
				PRODUCT_BUNDLE_IDENTIFIER = com.bigpanza.SketchUITests;
				PRODUCT_NAME = "$(TARGET_NAME)";
				SWIFT_SWIFT3_OBJC_INFERENCE = Default;
				SWIFT_VERSION = 4.0;
				TEST_TARGET_NAME = Sketch;
				USES_XCTRUNNER = YES;
			};
			name = Debug;
		};
		4482A3CA1C8CE16900C100F6 /* Release */ = {
			isa = XCBuildConfiguration;
			buildSettings = {
				INFOPLIST_FILE = SketchUITests/Info.plist;
				LD_RUNPATH_SEARCH_PATHS = "$(inherited) @executable_path/Frameworks @loader_path/Frameworks";
				PRODUCT_BUNDLE_IDENTIFIER = com.bigpanza.SketchUITests;
				PRODUCT_NAME = "$(TARGET_NAME)";
				SWIFT_SWIFT3_OBJC_INFERENCE = Default;
				SWIFT_VERSION = 4.0;
				TEST_TARGET_NAME = Sketch;
				USES_XCTRUNNER = YES;
			};
			name = Release;
		};
/* End XCBuildConfiguration section */

/* Begin XCConfigurationList section */
		4482A3931C8CE16900C100F6 /* Build configuration list for PBXProject "Sketch" */ = {
			isa = XCConfigurationList;
			buildConfigurations = (
				4482A3C01C8CE16900C100F6 /* Debug */,
				4482A3C11C8CE16900C100F6 /* Release */,
			);
			defaultConfigurationIsVisible = 0;
			defaultConfigurationName = Release;
		};
		4482A3C21C8CE16900C100F6 /* Build configuration list for PBXNativeTarget "Sketch" */ = {
			isa = XCConfigurationList;
			buildConfigurations = (
				4482A3C31C8CE16900C100F6 /* Debug */,
				4482A3C41C8CE16900C100F6 /* Release */,
			);
			defaultConfigurationIsVisible = 0;
			defaultConfigurationName = Release;
		};
		4482A3C51C8CE16900C100F6 /* Build configuration list for PBXNativeTarget "SketchTests" */ = {
			isa = XCConfigurationList;
			buildConfigurations = (
				4482A3C61C8CE16900C100F6 /* Debug */,
				4482A3C71C8CE16900C100F6 /* Release */,
			);
			defaultConfigurationIsVisible = 0;
			defaultConfigurationName = Release;
		};
		4482A3C81C8CE16900C100F6 /* Build configuration list for PBXNativeTarget "SketchUITests" */ = {
			isa = XCConfigurationList;
			buildConfigurations = (
				4482A3C91C8CE16900C100F6 /* Debug */,
				4482A3CA1C8CE16900C100F6 /* Release */,
			);
			defaultConfigurationIsVisible = 0;
			defaultConfigurationName = Release;
		};
/* End XCConfigurationList section */
	};
	rootObject = 4482A3901C8CE16900C100F6 /* Project object */;
}
